<Solution>
  <Project Path="HxPushApp/HxPushApp.csproj">
    <Deploy />
  </Project>
  <Project Path="HxPushModel/HxPushModel.csproj" Id="221f8e01-676d-4d95-9e9b-75e0a924204f" />
  <Project Path="HxPushSdk/HxPushSdk.csproj" Id="a4f470a0-3bd4-4cc7-a8a6-c2936244dbdb" />
  <Project Path="HxPushServerWeb/HxPushServerWeb.csproj" Id="07b03450-5b1a-4c91-b43b-1f7eff8af46d" />
</Solution>
